lockfileVersion: '9.0'

settings:
  autoInstallPeers: true
  excludeLinksFromLockfile: false

importers:

  .:
    dependencies:
      web_components:
        specifier: link:C:/Users/Acer/Documents/my_web_dev_libs/web_components
        version: link:../../../../Documents/my_web_dev_libs/web_components
